
Microsoft Visual Studio Solution File, Format Version 11.00
# Visual Studio 2010
Project("{FAE04EC0-301F-11D3-BF4B-00C04F79EFBC}") = "LOST", "Assembly-CSharp.csproj", "{33F1AA16-1298-CF52-279C-E74DBA4FABA1}"
EndProject
Project("{FAE04EC0-301F-11D3-BF4B-00C04F79EFBC}") = "LOST", "Assembly-CSharp-firstpass.csproj", "{6D19CC3C-E4A0-7540-8F05-AFF83A945529}"
EndProject
Project("{FAE04EC0-301F-11D3-BF4B-00C04F79EFBC}") = "LOST", "Assembly-CSharp-Editor-firstpass.csproj", "{1B69F0BB-1845-E0A6-41BD-0C4C691F2D13}"
EndProject
Project("{FAE04EC0-301F-11D3-BF4B-00C04F79EFBC}") = "LOST", "Assembly-CSharp-Editor.csproj", "{6B74897B-6A63-5C44-8D0A-FA742EFCFE70}"
EndProject
Global
	GlobalSection(SolutionConfigurationPlatforms) = preSolution
		Debug|Any CPU = Debug|Any CPU
		Release|Any CPU = Release|Any CPU
	EndGlobalSection
	GlobalSection(ProjectConfigurationPlatforms) = postSolution
		{33F1AA16-1298-CF52-279C-E74DBA4FABA1}.Debug|Any CPU.ActiveCfg = Debug|Any CPU
		{33F1AA16-1298-CF52-279C-E74DBA4FABA1}.Debug|Any CPU.Build.0 = Debug|Any CPU
		{33F1AA16-1298-CF52-279C-E74DBA4FABA1}.Release|Any CPU.ActiveCfg = Release|Any CPU
		{33F1AA16-1298-CF52-279C-E74DBA4FABA1}.Release|Any CPU.Build.0 = Release|Any CPU
		{6D19CC3C-E4A0-7540-8F05-AFF83A945529}.Debug|Any CPU.ActiveCfg = Debug|Any CPU
		{6D19CC3C-E4A0-7540-8F05-AFF83A945529}.Debug|Any CPU.Build.0 = Debug|Any CPU
		{6D19CC3C-E4A0-7540-8F05-AFF83A945529}.Release|Any CPU.ActiveCfg = Release|Any CPU
		{6D19CC3C-E4A0-7540-8F05-AFF83A945529}.Release|Any CPU.Build.0 = Release|Any CPU
		{1B69F0BB-1845-E0A6-41BD-0C4C691F2D13}.Debug|Any CPU.ActiveCfg = Debug|Any CPU
		{1B69F0BB-1845-E0A6-41BD-0C4C691F2D13}.Debug|Any CPU.Build.0 = Debug|Any CPU
		{1B69F0BB-1845-E0A6-41BD-0C4C691F2D13}.Release|Any CPU.ActiveCfg = Release|Any CPU
		{1B69F0BB-1845-E0A6-41BD-0C4C691F2D13}.Release|Any CPU.Build.0 = Release|Any CPU
		{6B74897B-6A63-5C44-8D0A-FA742EFCFE70}.Debug|Any CPU.ActiveCfg = Debug|Any CPU
		{6B74897B-6A63-5C44-8D0A-FA742EFCFE70}.Debug|Any CPU.Build.0 = Debug|Any CPU
		{6B74897B-6A63-5C44-8D0A-FA742EFCFE70}.Release|Any CPU.ActiveCfg = Release|Any CPU
		{6B74897B-6A63-5C44-8D0A-FA742EFCFE70}.Release|Any CPU.Build.0 = Release|Any CPU
	EndGlobalSection
	GlobalSection(SolutionProperties) = preSolution
		HideSolutionNode = FALSE
	EndGlobalSection
	GlobalSection(MonoDevelopProperties) = preSolution
		StartupItem = Assembly-CSharp.csproj
	EndGlobalSection
EndGlobal
